{
  "name": "u-can",
  "version": "1.0.0",
  "lockfileVersion": 3,
  "requires": true,
  "private": true,
  "packages": {
    "": {
      "name": "u-can",
      "version": "1.0.0",
      "license": "ISC"
    }
  },
  "scripts": {
    "build": "next build",
    "dev": "next dev",
    "start": "next start"
  }
}
